
Microsoft Visual Studio Solution File, Format Version 12.00
# Visual Studio Version 17
VisualStudioVersion = 17.11.35222.181
MinimumVisualStudioVersion = 10.0.40219.1
Project("{8BC9CEB8-8B4A-11D0-8D11-00A0C91BC942}") = "lab10.3", "lab10.3.vcxproj", "{CA1A374E-A0D7-4F0E-BF00-C90D369F683D}"
EndProject
Project("{8BC9CEB8-8B4A-11D0-8D11-00A0C91BC942}") = "UnitTest10.3", "..\UnitTest10.3\UnitTest10.3.vcxproj", "{04342B6C-3237-4AEC-B88F-B54E90BB267A}"
EndProject
Global
	GlobalSection(SolutionConfigurationPlatforms) = preSolution
		Debug|x64 = Debug|x64
		Debug|x86 = Debug|x86
		Release|x64 = Release|x64
		Release|x86 = Release|x86
	EndGlobalSection
	GlobalSection(ProjectConfigurationPlatforms) = postSolution
		{CA1A374E-A0D7-4F0E-BF00-C90D369F683D}.Debug|x64.ActiveCfg = Debug|x64
		{CA1A374E-A0D7-4F0E-BF00-C90D369F683D}.Debug|x64.Build.0 = Debug|x64
		{CA1A374E-A0D7-4F0E-BF00-C90D369F683D}.Debug|x86.ActiveCfg = Debug|Win32
		{CA1A374E-A0D7-4F0E-BF00-C90D369F683D}.Debug|x86.Build.0 = Debug|Win32
		{CA1A374E-A0D7-4F0E-BF00-C90D369F683D}.Release|x64.ActiveCfg = Release|x64
		{CA1A374E-A0D7-4F0E-BF00-C90D369F683D}.Release|x64.Build.0 = Release|x64
		{CA1A374E-A0D7-4F0E-BF00-C90D369F683D}.Release|x86.ActiveCfg = Release|Win32
		{CA1A374E-A0D7-4F0E-BF00-C90D369F683D}.Release|x86.Build.0 = Release|Win32
		{04342B6C-3237-4AEC-B88F-B54E90BB267A}.Debug|x64.ActiveCfg = Debug|x64
		{04342B6C-3237-4AEC-B88F-B54E90BB267A}.Debug|x64.Build.0 = Debug|x64
		{04342B6C-3237-4AEC-B88F-B54E90BB267A}.Debug|x86.ActiveCfg = Debug|Win32
		{04342B6C-3237-4AEC-B88F-B54E90BB267A}.Debug|x86.Build.0 = Debug|Win32
		{04342B6C-3237-4AEC-B88F-B54E90BB267A}.Release|x64.ActiveCfg = Release|x64
		{04342B6C-3237-4AEC-B88F-B54E90BB267A}.Release|x64.Build.0 = Release|x64
		{04342B6C-3237-4AEC-B88F-B54E90BB267A}.Release|x86.ActiveCfg = Release|Win32
		{04342B6C-3237-4AEC-B88F-B54E90BB267A}.Release|x86.Build.0 = Release|Win32
	EndGlobalSection
	GlobalSection(SolutionProperties) = preSolution
		HideSolutionNode = FALSE
	EndGlobalSection
	GlobalSection(ExtensibilityGlobals) = postSolution
		SolutionGuid = {BA9024F6-4C26-4D8D-9E6C-0523C6BC8C4D}
	EndGlobalSection
EndGlobal
